
Microsoft Visual Studio Solution File, Format Version 12.00
# Visual Studio 15
VisualStudioVersion = 15.0.28010.2050
MinimumVisualStudioVersion = 10.0.40219.1
Project("{FAE04EC0-301F-11D3-BF4B-00C04F79EFBC}") = "WindowsFormsApp5", "WindowsFormsApp5\WindowsFormsApp5.csproj", "{740DC160-0DF7-467B-A0D0-79F6B1FFE988}"
EndProject
Global
	GlobalSection(SolutionConfigurationPlatforms) = preSolution
		Debug|Any CPU = Debug|Any CPU
		Release|Any CPU = Release|Any CPU
	EndGlobalSection
	GlobalSection(ProjectConfigurationPlatforms) = postSolution
		{740DC160-0DF7-467B-A0D0-79F6B1FFE988}.Debug|Any CPU.ActiveCfg = Debug|Any CPU
		{740DC160-0DF7-467B-A0D0-79F6B1FFE988}.Debug|Any CPU.Build.0 = Debug|Any CPU
		{740DC160-0DF7-467B-A0D0-79F6B1FFE988}.Release|Any CPU.ActiveCfg = Release|Any CPU
		{740DC160-0DF7-467B-A0D0-79F6B1FFE988}.Release|Any CPU.Build.0 = Release|Any CPU
	EndGlobalSection
	GlobalSection(SolutionProperties) = preSolution
		HideSolutionNode = FALSE
	EndGlobalSection
	GlobalSection(ExtensibilityGlobals) = postSolution
		SolutionGuid = {C2EE90A8-73AE-4A85-A279-4E727BB37373}
	EndGlobalSection
EndGlobal
